
Microsoft Visual Studio Solution File, Format Version 12.00
# Visual Studio Version 16
VisualStudioVersion = 16.0.30011.22
MinimumVisualStudioVersion = 10.0.40219.1
Project("{FAE04EC0-301F-11D3-BF4B-00C04F79EFBC}") = "InfiniteLoop", "InfiniteLoop\InfiniteLoop.csproj", "{D0376B22-8225-4B3C-BB9A-99304F4AEAAD}"
EndProject
Global
	GlobalSection(SolutionConfigurationPlatforms) = preSolution
		Debug|Any CPU = Debug|Any CPU
		Release|Any CPU = Release|Any CPU
	EndGlobalSection
	GlobalSection(ProjectConfigurationPlatforms) = postSolution
		{D0376B22-8225-4B3C-BB9A-99304F4AEAAD}.Debug|Any CPU.ActiveCfg = Debug|Any CPU
		{D0376B22-8225-4B3C-BB9A-99304F4AEAAD}.Debug|Any CPU.Build.0 = Debug|Any CPU
		{D0376B22-8225-4B3C-BB9A-99304F4AEAAD}.Release|Any CPU.ActiveCfg = Release|Any CPU
		{D0376B22-8225-4B3C-BB9A-99304F4AEAAD}.Release|Any CPU.Build.0 = Release|Any CPU
	EndGlobalSection
	GlobalSection(SolutionProperties) = preSolution
		HideSolutionNode = FALSE
	EndGlobalSection
	GlobalSection(ExtensibilityGlobals) = postSolution
		SolutionGuid = {6785EAF8-F0E9-4808-A32E-0DEFE523C965}
	EndGlobalSection
EndGlobal
