
Microsoft Visual Studio Solution File, Format Version 12.00
# Visual Studio Version 16
VisualStudioVersion = 16.0.30011.22
MinimumVisualStudioVersion = 10.0.40219.1
Project("{FAE04EC0-301F-11D3-BF4B-00C04F79EFBC}") = "InfiniteLoop3", "InfiniteLoop3\InfiniteLoop3.csproj", "{835D55E1-1DF6-4173-9699-EF9B8ABDD29D}"
EndProject
Global
	GlobalSection(SolutionConfigurationPlatforms) = preSolution
		Debug|Any CPU = Debug|Any CPU
		Release|Any CPU = Release|Any CPU
	EndGlobalSection
	GlobalSection(ProjectConfigurationPlatforms) = postSolution
		{835D55E1-1DF6-4173-9699-EF9B8ABDD29D}.Debug|Any CPU.ActiveCfg = Debug|Any CPU
		{835D55E1-1DF6-4173-9699-EF9B8ABDD29D}.Debug|Any CPU.Build.0 = Debug|Any CPU
		{835D55E1-1DF6-4173-9699-EF9B8ABDD29D}.Release|Any CPU.ActiveCfg = Release|Any CPU
		{835D55E1-1DF6-4173-9699-EF9B8ABDD29D}.Release|Any CPU.Build.0 = Release|Any CPU
	EndGlobalSection
	GlobalSection(SolutionProperties) = preSolution
		HideSolutionNode = FALSE
	EndGlobalSection
	GlobalSection(ExtensibilityGlobals) = postSolution
		SolutionGuid = {14FF650F-ACD7-4CA3-8ED5-2CCB500C1746}
	EndGlobalSection
EndGlobal
